
Microsoft Visual Studio Solution File, Format Version 12.00
# Visual Studio Version 17
VisualStudioVersion = 17.0.31423.177
MinimumVisualStudioVersion = 10.0.40219.1
Project("{9A19103F-16F7-4668-BE54-9A1E7A4F7556}") = "Play.Catalog.Service", "Play.Catalog\src\Play.Catalog.Service\Play.Catalog.Service.csproj", "{1A381031-877D-4452-A92D-2B6CCB9434DD}"
EndProject
Project("{9A19103F-16F7-4668-BE54-9A1E7A4F7556}") = "Play.Common", "Play.Common\src\Play.Common\Play.Common.csproj", "{78CBA955-1A78-4FA3-8AEB-1E0B2FC77E1F}"
EndProject
Global
	GlobalSection(SolutionConfigurationPlatforms) = preSolution
		Debug|Any CPU = Debug|Any CPU
		Release|Any CPU = Release|Any CPU
	EndGlobalSection
	GlobalSection(ProjectConfigurationPlatforms) = postSolution
		{1A381031-877D-4452-A92D-2B6CCB9434DD}.Debug|Any CPU.ActiveCfg = Debug|Any CPU
		{1A381031-877D-4452-A92D-2B6CCB9434DD}.Debug|Any CPU.Build.0 = Debug|Any CPU
		{1A381031-877D-4452-A92D-2B6CCB9434DD}.Release|Any CPU.ActiveCfg = Release|Any CPU
		{1A381031-877D-4452-A92D-2B6CCB9434DD}.Release|Any CPU.Build.0 = Release|Any CPU
		{78CBA955-1A78-4FA3-8AEB-1E0B2FC77E1F}.Debug|Any CPU.ActiveCfg = Debug|Any CPU
		{78CBA955-1A78-4FA3-8AEB-1E0B2FC77E1F}.Debug|Any CPU.Build.0 = Debug|Any CPU
		{78CBA955-1A78-4FA3-8AEB-1E0B2FC77E1F}.Release|Any CPU.ActiveCfg = Release|Any CPU
		{78CBA955-1A78-4FA3-8AEB-1E0B2FC77E1F}.Release|Any CPU.Build.0 = Release|Any CPU
	EndGlobalSection
	GlobalSection(SolutionProperties) = preSolution
		HideSolutionNode = FALSE
	EndGlobalSection
	GlobalSection(ExtensibilityGlobals) = postSolution
		SolutionGuid = {7166C605-D115-4EF4-9695-92709105C37F}
	EndGlobalSection
EndGlobal
